# This file is automatically @generated by Cargo.
# It is not intended for manual editing.
version = 3

[[package]]
name = "example10"
version = "0.1.0"

[[package]]
name = "example11"
version = "0.1.0"

[[package]]
name = "example1_191"
version = "0.1.0"

[[package]]
name = "example2_191"
version = "0.1.0"

[[package]]
name = "example3_191"
version = "0.1.0"

[[package]]
name = "example4_191"
version = "0.1.0"

[[package]]
name = "example5_191"
version = "0.1.0"

[[package]]
name = "example6_191"
version = "0.1.0"

[[package]]
name = "example7"
version = "0.1.0"

[[package]]
name = "example8"
version = "0.1.0"

[[package]]
name = "example9"
version = "0.1.0"
