# This file is automatically @generated by Cargo.
# It is not intended for manual editing.
# This file is automatic @generated by Cargo.
version = 3

[[package]]
name = "example1_151"
version = "0.1.0"

[[package]]
name = "example1_152"
version = "0.1.0"

[[package]]
name = "example1_153"
version = "0.1.0"

[[package]]
name = "example1_154"
version = "0.1.0"

[[package]]
name = "example2_151"
version = "0.1.0"

[[package]]
name = "example2_152"
version = "0.1.0"
